
Microsoft Visual Studio Solution File, Format Version 12.00
# Visual Studio Version 17
VisualStudioVersion = 17.6.33712.159
MinimumVisualStudioVersion = 10.0.40219.1
Project("{FAE04EC0-301F-11D3-BF4B-00C04F79EFBC}") = "Algorithms", "Algorithms.csproj", "{7729B45D-4A18-439D-A205-50E43D326869}"
EndProject
Global
	GlobalSection(SolutionConfigurationPlatforms) = preSolution
		Debug|Any CPU = Debug|Any CPU
		Release|Any CPU = Release|Any CPU
	EndGlobalSection
	GlobalSection(ProjectConfigurationPlatforms) = postSolution
		{7729B45D-4A18-439D-A205-50E43D326869}.Debug|Any CPU.ActiveCfg = Debug|Any CPU
		{7729B45D-4A18-439D-A205-50E43D326869}.Debug|Any CPU.Build.0 = Debug|Any CPU
		{7729B45D-4A18-439D-A205-50E43D326869}.Release|Any CPU.ActiveCfg = Release|Any CPU
		{7729B45D-4A18-439D-A205-50E43D326869}.Release|Any CPU.Build.0 = Release|Any CPU
	EndGlobalSection
	GlobalSection(SolutionProperties) = preSolution
		HideSolutionNode = FALSE
	EndGlobalSection
	GlobalSection(ExtensibilityGlobals) = postSolution
		SolutionGuid = {3DC796D6-DEB5-4A4D-95E4-9C5D6B0F9276}
	EndGlobalSection
EndGlobal
